
Microsoft Visual Studio Solution File, Format Version 12.00
# Visual Studio Version 17
VisualStudioVersion = 17.14.36414.22 d17.14
MinimumVisualStudioVersion = 10.0.40219.1
Project("{FAE04EC0-301F-11D3-BF4B-00C04F79EFBC}") = "FinalProject_C#", "FinalProject_C#\FinalProject_C#.csproj", "{D32FA928-9EDD-4518-A026-93975BE1D142}"
EndProject
Global
	GlobalSection(SolutionConfigurationPlatforms) = preSolution
		Debug|Any CPU = Debug|Any CPU
		Release|Any CPU = Release|Any CPU
	EndGlobalSection
	GlobalSection(ProjectConfigurationPlatforms) = postSolution
		{D32FA928-9EDD-4518-A026-93975BE1D142}.Debug|Any CPU.ActiveCfg = Debug|Any CPU
		{D32FA928-9EDD-4518-A026-93975BE1D142}.Debug|Any CPU.Build.0 = Debug|Any CPU
		{D32FA928-9EDD-4518-A026-93975BE1D142}.Release|Any CPU.ActiveCfg = Release|Any CPU
		{D32FA928-9EDD-4518-A026-93975BE1D142}.Release|Any CPU.Build.0 = Release|Any CPU
	EndGlobalSection
	GlobalSection(SolutionProperties) = preSolution
		HideSolutionNode = FALSE
	EndGlobalSection
	GlobalSection(ExtensibilityGlobals) = postSolution
		SolutionGuid = {74225777-2911-4B98-B754-16C8161BEC2D}
	EndGlobalSection
EndGlobal
